
Microsoft Visual Studio Solution File, Format Version 12.00
# Visual Studio Version 16
VisualStudioVersion = 16.0.30413.136
MinimumVisualStudioVersion = 10.0.40219.1
Project("{E24C65DC-7377-472B-9ABA-BC803B73C61A}") = "Inspector", ".", "{4A9FEA2E-F740-4A44-B422-DEA801784314}"
	ProjectSection(WebsiteProperties) = preProject
		TargetFrameworkMoniker = ".NETFramework,Version%3Dv4.5.2"
		Debug.AspNetCompiler.VirtualPath = "/localhost_56220"
		Debug.AspNetCompiler.PhysicalPath = "..\Inspector\"
		Debug.AspNetCompiler.TargetPath = "PrecompiledWeb\localhost_56220\"
		Debug.AspNetCompiler.Updateable = "true"
		Debug.AspNetCompiler.ForceOverwrite = "true"
		Debug.AspNetCompiler.FixedNames = "false"
		Debug.AspNetCompiler.Debug = "True"
		Release.AspNetCompiler.VirtualPath = "/localhost_56220"
		Release.AspNetCompiler.PhysicalPath = "..\Inspector\"
		Release.AspNetCompiler.TargetPath = "PrecompiledWeb\localhost_56220\"
		Release.AspNetCompiler.Updateable = "true"
		Release.AspNetCompiler.ForceOverwrite = "true"
		Release.AspNetCompiler.FixedNames = "false"
		Release.AspNetCompiler.Debug = "False"
		VWDPort = "56220"
		SlnRelativePath = "..\Inspector\"
		DefaultWebSiteLanguage = "Visual C#"
	EndProjectSection
EndProject
Global
	GlobalSection(SolutionConfigurationPlatforms) = preSolution
		Debug|Any CPU = Debug|Any CPU
	EndGlobalSection
	GlobalSection(ProjectConfigurationPlatforms) = postSolution
		{4A9FEA2E-F740-4A44-B422-DEA801784314}.Debug|Any CPU.ActiveCfg = Debug|Any CPU
		{4A9FEA2E-F740-4A44-B422-DEA801784314}.Debug|Any CPU.Build.0 = Debug|Any CPU
	EndGlobalSection
	GlobalSection(SolutionProperties) = preSolution
		HideSolutionNode = FALSE
	EndGlobalSection
	GlobalSection(ExtensibilityGlobals) = postSolution
		SolutionGuid = {21B52A57-FE4B-4A05-A9D0-6F647123BA6C}
	EndGlobalSection
EndGlobal
